
Microsoft Visual Studio Solution File, Format Version 12.00
# Visual Studio Version 17
VisualStudioVersion = 17.11.35222.181
MinimumVisualStudioVersion = 10.0.40219.1
Project("{FAE04EC0-301F-11D3-BF4B-00C04F79EFBC}") = "ProjectDatabases", "ProjectDatabases\ProjectDatabases.csproj", "{DCACEFCE-6374-4849-AA57-13877B5D847B}"
EndProject
Global
	GlobalSection(SolutionConfigurationPlatforms) = preSolution
		Debug|Any CPU = Debug|Any CPU
		Release|Any CPU = Release|Any CPU
	EndGlobalSection
	GlobalSection(ProjectConfigurationPlatforms) = postSolution
		{DCACEFCE-6374-4849-AA57-13877B5D847B}.Debug|Any CPU.ActiveCfg = Debug|Any CPU
		{DCACEFCE-6374-4849-AA57-13877B5D847B}.Debug|Any CPU.Build.0 = Debug|Any CPU
		{DCACEFCE-6374-4849-AA57-13877B5D847B}.Release|Any CPU.ActiveCfg = Release|Any CPU
		{DCACEFCE-6374-4849-AA57-13877B5D847B}.Release|Any CPU.Build.0 = Release|Any CPU
	EndGlobalSection
	GlobalSection(SolutionProperties) = preSolution
		HideSolutionNode = FALSE
	EndGlobalSection
	GlobalSection(ExtensibilityGlobals) = postSolution
		SolutionGuid = {2F1284C5-E9E8-4BE0-A922-04693EA9642F}
	EndGlobalSection
EndGlobal
